
Microsoft Visual Studio Solution File, Format Version 12.00
# Visual Studio 2013
VisualStudioVersion = 12.0.40629.0
MinimumVisualStudioVersion = 10.0.40219.1
Project("{FAE04EC0-301F-11D3-BF4B-00C04F79EFBC}") = "CustomDisplayTemplateExample", "CustomDisplayTemplateExample\CustomDisplayTemplateExample.csproj", "{47EDD0B9-FAE4-4E57-A83D-213C281B02CF}"
EndProject
Global
	GlobalSection(SolutionConfigurationPlatforms) = preSolution
		Debug|Any CPU = Debug|Any CPU
		Release|Any CPU = Release|Any CPU
	EndGlobalSection
	GlobalSection(ProjectConfigurationPlatforms) = postSolution
		{47EDD0B9-FAE4-4E57-A83D-213C281B02CF}.Debug|Any CPU.ActiveCfg = Debug|Any CPU
		{47EDD0B9-FAE4-4E57-A83D-213C281B02CF}.Debug|Any CPU.Build.0 = Debug|Any CPU
		{47EDD0B9-FAE4-4E57-A83D-213C281B02CF}.Release|Any CPU.ActiveCfg = Release|Any CPU
		{47EDD0B9-FAE4-4E57-A83D-213C281B02CF}.Release|Any CPU.Build.0 = Release|Any CPU
	EndGlobalSection
	GlobalSection(SolutionProperties) = preSolution
		HideSolutionNode = FALSE
	EndGlobalSection
EndGlobal
